
Microsoft Visual Studio Solution File, Format Version 12.00
# Visual Studio 15
VisualStudioVersion = 15.0.28307.438
MinimumVisualStudioVersion = 10.0.40219.1
Project("{9A19103F-16F7-4668-BE54-9A1E7A4F7556}") = "MyDiary", "MyDiary\MyDiary.csproj", "{C0E6F3D7-97DE-4E7E-B175-EFDA9A4EE3B2}"
EndProject
Project("{9A19103F-16F7-4668-BE54-9A1E7A4F7556}") = "MyDiary.Tests", "MyDiary.Tests\MyDiary.Tests.csproj", "{BA6BB17B-4690-4188-8576-068C3476D3F1}"
EndProject
Project("{9A19103F-16F7-4668-BE54-9A1E7A4F7556}") = "MyDiary.Selenium", "MyDiary.Selenium\MyDiary.Selenium.csproj", "{6866F308-4D7B-4244-B13C-7AA07B1347CF}"
EndProject
Project("{FAE04EC0-301F-11D3-BF4B-00C04F79EFBC}") = "MyDiary.CodedUI", "MyDiary.CodedUI\MyDiary.CodedUI.csproj", "{7E946DE4-7D62-45C6-8B8A-88099F5E439D}"
EndProject
Global
	GlobalSection(SolutionConfigurationPlatforms) = preSolution
		Debug|Any CPU = Debug|Any CPU
		Release|Any CPU = Release|Any CPU
	EndGlobalSection
	GlobalSection(ProjectConfigurationPlatforms) = postSolution
		{C0E6F3D7-97DE-4E7E-B175-EFDA9A4EE3B2}.Debug|Any CPU.ActiveCfg = Debug|Any CPU
		{C0E6F3D7-97DE-4E7E-B175-EFDA9A4EE3B2}.Debug|Any CPU.Build.0 = Debug|Any CPU
		{C0E6F3D7-97DE-4E7E-B175-EFDA9A4EE3B2}.Release|Any CPU.ActiveCfg = Release|Any CPU
		{C0E6F3D7-97DE-4E7E-B175-EFDA9A4EE3B2}.Release|Any CPU.Build.0 = Release|Any CPU
		{BA6BB17B-4690-4188-8576-068C3476D3F1}.Debug|Any CPU.ActiveCfg = Debug|Any CPU
		{BA6BB17B-4690-4188-8576-068C3476D3F1}.Debug|Any CPU.Build.0 = Debug|Any CPU
		{BA6BB17B-4690-4188-8576-068C3476D3F1}.Release|Any CPU.ActiveCfg = Release|Any CPU
		{BA6BB17B-4690-4188-8576-068C3476D3F1}.Release|Any CPU.Build.0 = Release|Any CPU
		{6866F308-4D7B-4244-B13C-7AA07B1347CF}.Debug|Any CPU.ActiveCfg = Debug|Any CPU
		{6866F308-4D7B-4244-B13C-7AA07B1347CF}.Debug|Any CPU.Build.0 = Debug|Any CPU
		{6866F308-4D7B-4244-B13C-7AA07B1347CF}.Release|Any CPU.ActiveCfg = Release|Any CPU
		{6866F308-4D7B-4244-B13C-7AA07B1347CF}.Release|Any CPU.Build.0 = Release|Any CPU
		{7E946DE4-7D62-45C6-8B8A-88099F5E439D}.Debug|Any CPU.ActiveCfg = Debug|Any CPU
		{7E946DE4-7D62-45C6-8B8A-88099F5E439D}.Debug|Any CPU.Build.0 = Debug|Any CPU
		{7E946DE4-7D62-45C6-8B8A-88099F5E439D}.Release|Any CPU.ActiveCfg = Release|Any CPU
		{7E946DE4-7D62-45C6-8B8A-88099F5E439D}.Release|Any CPU.Build.0 = Release|Any CPU
	EndGlobalSection
	GlobalSection(SolutionProperties) = preSolution
		HideSolutionNode = FALSE
	EndGlobalSection
	GlobalSection(ExtensibilityGlobals) = postSolution
		SolutionGuid = {F08BA017-5796-412A-91B4-7BC3DFE7EA5D}
	EndGlobalSection
EndGlobal
